<?xml version="1.0" encoding="utf-8"?>
<Project ToolsVersion="4.0" xmlns="http://schemas.microsoft.com/developer/msbuild/2003">
  <ItemGroup>
    <Filter Include="소스 파일">
      <UniqueIdentifier>{4FC737F1-C7A5-4376-A066-2A32D752A2FF}</UniqueIdentifier>
      <Extensions>cpp;c;cc;cxx;c++;cppm;ixx;def;odl;idl;hpj;bat;asm;asmx</Extensions>
    </Filter>
    <Filter Include="헤더 파일">
      <UniqueIdentifier>{93995380-89BD-4b04-88EB-625FBE52EBFB}</UniqueIdentifier>
      <Extensions>h;hh;hpp;hxx;h++;hm;inl;inc;ipp;xsd</Extensions>
    </Filter>
    <Filter Include="리소스 파일">
      <UniqueIdentifier>{67DA6AB6-F800-4c08-8B7A-83BB121AAD01}</UniqueIdentifier>
      <Extensions>rc;ico;cur;bmp;dlg;rc2;rct;bin;rgs;gif;jpg;jpeg;jpe;resx;tiff;tif;png;wav;mfcribbon-ms</Extensions>
    </Filter>
    <Filter Include="src">
      <UniqueIdentifier>{A1B2C3D4-0001-4000-8000-000000000001}</UniqueIdentifier>
    </Filter>
    <Filter Include="src\util">
      <UniqueIdentifier>{A1B2C3D4-0001-4000-8000-000000000002}</UniqueIdentifier>
    </Filter>
    <Filter Include="src\core">
      <UniqueIdentifier>{A1B2C3D4-0001-4000-8000-000000000003}</UniqueIdentifier>
    </Filter>
    <Filter Include="src\managers">
      <UniqueIdentifier>{A1B2C3D4-0001-4000-8000-000000000004}</UniqueIdentifier>
    </Filter>
    <Filter Include="src\collision">
      <UniqueIdentifier>{A1B2C3D4-0001-4000-8000-000000000005}</UniqueIdentifier>
    </Filter>
    <Filter Include="src\objects">
      <UniqueIdentifier>{A1B2C3D4-0001-4000-8000-000000000006}</UniqueIdentifier>
    </Filter>
    <Filter Include="src\ui">
      <UniqueIdentifier>{A1B2C3D4-0001-4000-8000-000000000007}</UniqueIdentifier>
    </Filter>
    <Filter Include="src\scenes">
      <UniqueIdentifier>{A1B2C3D4-0001-4000-8000-000000000008}</UniqueIdentifier>
    </Filter>
  </ItemGroup>
  <ItemGroup>
    <ClInclude Include="framework.h">
      <Filter>헤더 파일</Filter>
    </ClInclude>
    <ClInclude Include="targetver.h">
      <Filter>헤더 파일</Filter>
    </ClInclude>
    <ClInclude Include="Resource.h">
      <Filter>헤더 파일</Filter>
    </ClInclude>
    <ClInclude Include="MyGame.h">
      <Filter>헤더 파일</Filter>
    </ClInclude>
    <ClInclude Include="pch.h">
      <Filter>헤더 파일</Filter>
    </ClInclude>
    <ClInclude Include="src\util\Types.h">
      <Filter>src\util</Filter>
    </ClInclude>
    <ClInclude Include="src\util\MathUtil.h">
      <Filter>src\util</Filter>
    </ClInclude>
    <ClInclude Include="src\util\Timer.h">
      <Filter>src\util</Filter>
    </ClInclude>
    <ClInclude Include="src\util\Debug.h">
      <Filter>src\util</Filter>
    </ClInclude>
    <ClInclude Include="src\util\Constants.h">
      <Filter>src\util</Filter>
    </ClInclude>
    <ClInclude Include="src\core\Scene.h">
      <Filter>src\core</Filter>
    </ClInclude>
    <ClInclude Include="src\core\WindowManager.h">
      <Filter>src\core</Filter>
    </ClInclude>
    <ClInclude Include="src\core\TimeManager.h">
      <Filter>src\core</Filter>
    </ClInclude>
    <ClInclude Include="src\core\InputManager.h">
      <Filter>src\core</Filter>
    </ClInclude>
    <ClInclude Include="src\core\SceneManager.h">
      <Filter>src\core</Filter>
    </ClInclude>
    <ClInclude Include="src\managers\PhysicsManager.h">
      <Filter>src\managers</Filter>
    </ClInclude>
    <ClInclude Include="src\managers\CollisionManager.h">
      <Filter>src\managers</Filter>
    </ClInclude>
    <ClInclude Include="src\managers\BlockManager.h">
      <Filter>src\managers</Filter>
    </ClInclude>
    <ClInclude Include="src\managers\GridManager.h">
      <Filter>src\managers</Filter>
    </ClInclude>
    <ClInclude Include="src\managers\CameraManager.h">
      <Filter>src\managers</Filter>
    </ClInclude>
    <ClInclude Include="src\managers\ResourceManager.h">
      <Filter>src\managers</Filter>
    </ClInclude>
    <ClInclude Include="src\managers\RenderManager.h">
      <Filter>src\managers</Filter>
    </ClInclude>
    <ClInclude Include="src\managers\UIManager.h">
      <Filter>src\managers</Filter>
    </ClInclude>
    <ClInclude Include="src\collision\Collider.h">
      <Filter>src\collision</Filter>
    </ClInclude>
    <ClInclude Include="src\collision\AABBCollider.h">
      <Filter>src\collision</Filter>
    </ClInclude>
    <ClInclude Include="src\objects\Block.h">
      <Filter>src\objects</Filter>
    </ClInclude>
    <ClInclude Include="src\objects\TetrominoBlock.h">
      <Filter>src\objects</Filter>
    </ClInclude>
    <ClInclude Include="src\objects\GiantTetrominoBlock.h">
      <Filter>src\objects</Filter>
    </ClInclude>
    <ClInclude Include="src\objects\HeavyBlock.h">
      <Filter>src\objects</Filter>
    </ClInclude>
    <ClInclude Include="src\ui\UIElement.h">
      <Filter>src\ui</Filter>
    </ClInclude>
    <ClInclude Include="src\ui\ScoreText.h">
      <Filter>src\ui</Filter>
    </ClInclude>
    <ClInclude Include="src\ui\HeightGauge.h">
      <Filter>src\ui</Filter>
    </ClInclude>
    <ClInclude Include="src\ui\GameOverPanel.h">
      <Filter>src\ui</Filter>
    </ClInclude>
    <ClInclude Include="src\scenes\TitleScene.h">
      <Filter>src\scenes</Filter>
    </ClInclude>
    <ClInclude Include="src\scenes\PlayScene.h">
      <Filter>src\scenes</Filter>
    </ClInclude>
    <ClInclude Include="src\scenes\GameOverScene.h">
      <Filter>src\scenes</Filter>
    </ClInclude>
  </ItemGroup>
  <ItemGroup>
    <ClCompile Include="MyGame.cpp">
      <Filter>소스 파일</Filter>
    </ClCompile>
    <ClCompile Include="pch.cpp">
      <Filter>소스 파일</Filter>
    </ClCompile>
    <ClCompile Include="src\util\Timer.cpp">
      <Filter>src\util</Filter>
    </ClCompile>
    <ClCompile Include="src\core\WindowManager.cpp">
      <Filter>src\core</Filter>
    </ClCompile>
    <ClCompile Include="src\core\TimeManager.cpp">
      <Filter>src\core</Filter>
    </ClCompile>
    <ClCompile Include="src\core\InputManager.cpp">
      <Filter>src\core</Filter>
    </ClCompile>
    <ClCompile Include="src\core\SceneManager.cpp">
      <Filter>src\core</Filter>
    </ClCompile>
    <ClCompile Include="src\managers\PhysicsManager.cpp">
      <Filter>src\managers</Filter>
    </ClCompile>
    <ClCompile Include="src\managers\CollisionManager.cpp">
      <Filter>src\managers</Filter>
    </ClCompile>
    <ClCompile Include="src\managers\BlockManager.cpp">
      <Filter>src\managers</Filter>
    </ClCompile>
    <ClCompile Include="src\managers\GridManager.cpp">
      <Filter>src\managers</Filter>
    </ClCompile>
    <ClCompile Include="src\managers\CameraManager.cpp">
      <Filter>src\managers</Filter>
    </ClCompile>
    <ClCompile Include="src\managers\ResourceManager.cpp">
      <Filter>src\managers</Filter>
    </ClCompile>
    <ClCompile Include="src\managers\RenderManager.cpp">
      <Filter>src\managers</Filter>
    </ClCompile>
    <ClCompile Include="src\managers\UIManager.cpp">
      <Filter>src\managers</Filter>
    </ClCompile>
    <ClCompile Include="src\collision\AABBCollider.cpp">
      <Filter>src\collision</Filter>
    </ClCompile>
    <ClCompile Include="src\objects\Block.cpp">
      <Filter>src\objects</Filter>
    </ClCompile>
    <ClCompile Include="src\objects\TetrominoBlock.cpp">
      <Filter>src\objects</Filter>
    </ClCompile>
    <ClCompile Include="src\objects\GiantTetrominoBlock.cpp">
      <Filter>src\objects</Filter>
    </ClCompile>
    <ClCompile Include="src\objects\HeavyBlock.cpp">
      <Filter>src\objects</Filter>
    </ClCompile>
    <ClCompile Include="src\ui\ScoreText.cpp">
      <Filter>src\ui</Filter>
    </ClCompile>
    <ClCompile Include="src\ui\HeightGauge.cpp">
      <Filter>src\ui</Filter>
    </ClCompile>
    <ClCompile Include="src\ui\GameOverPanel.cpp">
      <Filter>src\ui</Filter>
    </ClCompile>
    <ClCompile Include="src\scenes\TitleScene.cpp">
      <Filter>src\scenes</Filter>
    </ClCompile>
    <ClCompile Include="src\scenes\PlayScene.cpp">
      <Filter>src\scenes</Filter>
    </ClCompile>
    <ClCompile Include="src\scenes\GameOverScene.cpp">
      <Filter>src\scenes</Filter>
    </ClCompile>
  </ItemGroup>
  <ItemGroup>
    <ResourceCompile Include="MyGame.rc">
      <Filter>리소스 파일</Filter>
    </ResourceCompile>
  </ItemGroup>
  <ItemGroup>
    <Image Include="small.ico">
      <Filter>리소스 파일</Filter>
    </Image>
    <Image Include="MyGame.ico">
      <Filter>리소스 파일</Filter>
    </Image>
  </ItemGroup>
</Project>